
Microsoft Visual Studio Solution File, Format Version 12.00
# Visual Studio Version 17
VisualStudioVersion = 17.14.36717.8 d17.14
MinimumVisualStudioVersion = 10.0.40219.1
Project("{FAE04EC0-301F-11D3-BF4B-00C04F79EFBC}") = "S.Á_hazi-feladat", "S.Á_hazi-feladat\S.Á_hazi-feladat.csproj", "{E21D604E-16BE-4E4C-82D7-C9AEB99CE6BC}"
EndProject
Global
	GlobalSection(SolutionConfigurationPlatforms) = preSolution
		Debug|Any CPU = Debug|Any CPU
		Release|Any CPU = Release|Any CPU
	EndGlobalSection
	GlobalSection(ProjectConfigurationPlatforms) = postSolution
		{E21D604E-16BE-4E4C-82D7-C9AEB99CE6BC}.Debug|Any CPU.ActiveCfg = Debug|Any CPU
		{E21D604E-16BE-4E4C-82D7-C9AEB99CE6BC}.Debug|Any CPU.Build.0 = Debug|Any CPU
		{E21D604E-16BE-4E4C-82D7-C9AEB99CE6BC}.Release|Any CPU.ActiveCfg = Release|Any CPU
		{E21D604E-16BE-4E4C-82D7-C9AEB99CE6BC}.Release|Any CPU.Build.0 = Release|Any CPU
	EndGlobalSection
	GlobalSection(SolutionProperties) = preSolution
		HideSolutionNode = FALSE
	EndGlobalSection
	GlobalSection(ExtensibilityGlobals) = postSolution
		SolutionGuid = {30E2F478-7A08-4664-B3E6-0FC7CF9E1E58}
	EndGlobalSection
EndGlobal
